
Microsoft Visual Studio Solution File, Format Version 12.00
# Visual Studio 15
VisualStudioVersion = 15.0.28307.1062
MinimumVisualStudioVersion = 10.0.40219.1
Project("{FAE04EC0-301F-11D3-BF4B-00C04F79EFBC}") = "Ecommerce", "Ecommerce\Ecommerce.csproj", "{FCCEDABE-193F-497D-9B53-E1C89AED61A2}"
EndProject
Global
	GlobalSection(SolutionConfigurationPlatforms) = preSolution
		Debug|Any CPU = Debug|Any CPU
		Release|Any CPU = Release|Any CPU
	EndGlobalSection
	GlobalSection(ProjectConfigurationPlatforms) = postSolution
		{FCCEDABE-193F-497D-9B53-E1C89AED61A2}.Debug|Any CPU.ActiveCfg = Debug|Any CPU
		{FCCEDABE-193F-497D-9B53-E1C89AED61A2}.Debug|Any CPU.Build.0 = Debug|Any CPU
		{FCCEDABE-193F-497D-9B53-E1C89AED61A2}.Release|Any CPU.ActiveCfg = Release|Any CPU
		{FCCEDABE-193F-497D-9B53-E1C89AED61A2}.Release|Any CPU.Build.0 = Release|Any CPU
	EndGlobalSection
	GlobalSection(SolutionProperties) = preSolution
		HideSolutionNode = FALSE
	EndGlobalSection
	GlobalSection(ExtensibilityGlobals) = postSolution
		SolutionGuid = {5FA05B47-3265-44E7-97AB-90FFDF195155}
	EndGlobalSection
EndGlobal
